
Microsoft Visual Studio Solution File, Format Version 12.00
# Visual Studio 15
VisualStudioVersion = 15.0.27130.2003
MinimumVisualStudioVersion = 10.0.40219.1
Project("{FAE04EC0-301F-11D3-BF4B-00C04F79EFBC}") = "Generator", "tools\Generator\Generator.csproj", "{09F60593-810A-491C-84FB-A9848A182E6D}"
EndProject
Project("{FAE04EC0-301F-11D3-BF4B-00C04F79EFBC}") = "Vulkan.RunGenerate", "src\Vulkan\Vulkan.RunGenerate.csproj", "{4642F034-166A-4DC7-9D00-D67DCEE6EAB7}"
EndProject
Global
	GlobalSection(SolutionConfigurationPlatforms) = preSolution
		Debug|Any CPU = Debug|Any CPU
		Release|Any CPU = Release|Any CPU
	EndGlobalSection
	GlobalSection(ProjectConfigurationPlatforms) = postSolution
		{09F60593-810A-491C-84FB-A9848A182E6D}.Debug|Any CPU.ActiveCfg = Debug|Any CPU
		{09F60593-810A-491C-84FB-A9848A182E6D}.Debug|Any CPU.Build.0 = Debug|Any CPU
		{09F60593-810A-491C-84FB-A9848A182E6D}.Release|Any CPU.ActiveCfg = Release|Any CPU
		{09F60593-810A-491C-84FB-A9848A182E6D}.Release|Any CPU.Build.0 = Release|Any CPU
		{4642F034-166A-4DC7-9D00-D67DCEE6EAB7}.Debug|Any CPU.ActiveCfg = Debug|Any CPU
		{4642F034-166A-4DC7-9D00-D67DCEE6EAB7}.Debug|Any CPU.Build.0 = Debug|Any CPU
		{4642F034-166A-4DC7-9D00-D67DCEE6EAB7}.Release|Any CPU.ActiveCfg = Release|Any CPU
		{4642F034-166A-4DC7-9D00-D67DCEE6EAB7}.Release|Any CPU.Build.0 = Release|Any CPU
	EndGlobalSection
	GlobalSection(SolutionProperties) = preSolution
		HideSolutionNode = FALSE
	EndGlobalSection
	GlobalSection(ExtensibilityGlobals) = postSolution
		SolutionGuid = {7045423B-7050-4CA9-BD63-22FC708510BF}
	EndGlobalSection
EndGlobal
